
Microsoft Visual Studio Solution File, Format Version 12.00
# Visual Studio 15
VisualStudioVersion = 15.0.28010.2026
MinimumVisualStudioVersion = 10.0.40219.1
Project("{FAE04EC0-301F-11D3-BF4B-00C04F79EFBC}") = "Zhousy.AutoGenSdk.Main", "Zhousy.AutoGenSdk.Main\Zhousy.AutoGenSdk.Main.csproj", "{165B94FB-7C58-4F26-A569-46A9097E35EB}"
EndProject
Project("{FAE04EC0-301F-11D3-BF4B-00C04F79EFBC}") = "Demo", "Demo\Demo.csproj", "{7B20E970-6276-4DC3-8E92-D162FFA33D09}"
EndProject
Project("{FAE04EC0-301F-11D3-BF4B-00C04F79EFBC}") = "Zhousy.AutoGenSdk.LightBulb", "Zhousy.AutoGenSdk.LightBulb\Zhousy.AutoGenSdk.LightBulb.csproj", "{18C76A7A-6DE8-471B-B7E0-C05394D549C3}"
EndProject
Project("{2150E333-8FDC-42A3-9474-1A3956D46DE8}") = "LightBulb", "LightBulb", "{D3434EE2-2A91-40D5-BF45-B7A366A9F829}"
EndProject
Project("{2150E333-8FDC-42A3-9474-1A3956D46DE8}") = "Demos", "Demos", "{7E022BF0-A3A3-43B2-98B5-E5CC8351C7B9}"
EndProject
Project("{FAE04EC0-301F-11D3-BF4B-00C04F79EFBC}") = "Zhousy.AutoGenSdk.Model", "Zhousy.AutoGenSdk.Model\Zhousy.AutoGenSdk.Model.csproj", "{25D1CE34-EDEA-41BA-8B69-EAF8557CFCEC}"
EndProject
Project("{FAE04EC0-301F-11D3-BF4B-00C04F79EFBC}") = "Zhousy.AutoGenSdk.Logic", "Zhousy.AutoGenSdk.Logic\Zhousy.AutoGenSdk.Logic.csproj", "{96C876FF-B55C-4CC3-941C-D5F143EBCA91}"
EndProject
Project("{FAE04EC0-301F-11D3-BF4B-00C04F79EFBC}") = "Analyzer1", "Analyzer1\Analyzer1\Analyzer1.csproj", "{216A423F-6FD1-48F2-B013-0EBB2E186CB5}"
EndProject
Project("{FAE04EC0-301F-11D3-BF4B-00C04F79EFBC}") = "Analyzer1.Test", "Analyzer1\Analyzer1.Test\Analyzer1.Test.csproj", "{3FB028F3-61E1-4B63-AFCB-A080F24EEA5D}"
EndProject
Project("{FAE04EC0-301F-11D3-BF4B-00C04F79EFBC}") = "Analyzer1.Vsix", "Analyzer1\Analyzer1.Vsix\Analyzer1.Vsix.csproj", "{47EECBCF-78AC-475B-A85D-D0F04473166D}"
EndProject
Global
	GlobalSection(SolutionConfigurationPlatforms) = preSolution
		Debug|Any CPU = Debug|Any CPU
		Release|Any CPU = Release|Any CPU
	EndGlobalSection
	GlobalSection(ProjectConfigurationPlatforms) = postSolution
		{165B94FB-7C58-4F26-A569-46A9097E35EB}.Debug|Any CPU.ActiveCfg = Debug|Any CPU
		{165B94FB-7C58-4F26-A569-46A9097E35EB}.Debug|Any CPU.Build.0 = Debug|Any CPU
		{165B94FB-7C58-4F26-A569-46A9097E35EB}.Release|Any CPU.ActiveCfg = Release|Any CPU
		{165B94FB-7C58-4F26-A569-46A9097E35EB}.Release|Any CPU.Build.0 = Release|Any CPU
		{7B20E970-6276-4DC3-8E92-D162FFA33D09}.Debug|Any CPU.ActiveCfg = Debug|Any CPU
		{7B20E970-6276-4DC3-8E92-D162FFA33D09}.Debug|Any CPU.Build.0 = Debug|Any CPU
		{7B20E970-6276-4DC3-8E92-D162FFA33D09}.Release|Any CPU.ActiveCfg = Release|Any CPU
		{7B20E970-6276-4DC3-8E92-D162FFA33D09}.Release|Any CPU.Build.0 = Release|Any CPU
		{18C76A7A-6DE8-471B-B7E0-C05394D549C3}.Debug|Any CPU.ActiveCfg = Debug|Any CPU
		{18C76A7A-6DE8-471B-B7E0-C05394D549C3}.Debug|Any CPU.Build.0 = Debug|Any CPU
		{18C76A7A-6DE8-471B-B7E0-C05394D549C3}.Release|Any CPU.ActiveCfg = Release|Any CPU
		{18C76A7A-6DE8-471B-B7E0-C05394D549C3}.Release|Any CPU.Build.0 = Release|Any CPU
		{25D1CE34-EDEA-41BA-8B69-EAF8557CFCEC}.Debug|Any CPU.ActiveCfg = Debug|Any CPU
		{25D1CE34-EDEA-41BA-8B69-EAF8557CFCEC}.Debug|Any CPU.Build.0 = Debug|Any CPU
		{25D1CE34-EDEA-41BA-8B69-EAF8557CFCEC}.Release|Any CPU.ActiveCfg = Release|Any CPU
		{25D1CE34-EDEA-41BA-8B69-EAF8557CFCEC}.Release|Any CPU.Build.0 = Release|Any CPU
		{96C876FF-B55C-4CC3-941C-D5F143EBCA91}.Debug|Any CPU.ActiveCfg = Debug|Any CPU
		{96C876FF-B55C-4CC3-941C-D5F143EBCA91}.Debug|Any CPU.Build.0 = Debug|Any CPU
		{96C876FF-B55C-4CC3-941C-D5F143EBCA91}.Release|Any CPU.ActiveCfg = Release|Any CPU
		{96C876FF-B55C-4CC3-941C-D5F143EBCA91}.Release|Any CPU.Build.0 = Release|Any CPU
		{216A423F-6FD1-48F2-B013-0EBB2E186CB5}.Debug|Any CPU.ActiveCfg = Debug|Any CPU
		{216A423F-6FD1-48F2-B013-0EBB2E186CB5}.Debug|Any CPU.Build.0 = Debug|Any CPU
		{216A423F-6FD1-48F2-B013-0EBB2E186CB5}.Release|Any CPU.ActiveCfg = Release|Any CPU
		{216A423F-6FD1-48F2-B013-0EBB2E186CB5}.Release|Any CPU.Build.0 = Release|Any CPU
		{3FB028F3-61E1-4B63-AFCB-A080F24EEA5D}.Debug|Any CPU.ActiveCfg = Debug|Any CPU
		{3FB028F3-61E1-4B63-AFCB-A080F24EEA5D}.Debug|Any CPU.Build.0 = Debug|Any CPU
		{3FB028F3-61E1-4B63-AFCB-A080F24EEA5D}.Release|Any CPU.ActiveCfg = Release|Any CPU
		{3FB028F3-61E1-4B63-AFCB-A080F24EEA5D}.Release|Any CPU.Build.0 = Release|Any CPU
		{47EECBCF-78AC-475B-A85D-D0F04473166D}.Debug|Any CPU.ActiveCfg = Debug|Any CPU
		{47EECBCF-78AC-475B-A85D-D0F04473166D}.Debug|Any CPU.Build.0 = Debug|Any CPU
		{47EECBCF-78AC-475B-A85D-D0F04473166D}.Release|Any CPU.ActiveCfg = Release|Any CPU
		{47EECBCF-78AC-475B-A85D-D0F04473166D}.Release|Any CPU.Build.0 = Release|Any CPU
	EndGlobalSection
	GlobalSection(SolutionProperties) = preSolution
		HideSolutionNode = FALSE
	EndGlobalSection
	GlobalSection(NestedProjects) = preSolution
		{165B94FB-7C58-4F26-A569-46A9097E35EB} = {7E022BF0-A3A3-43B2-98B5-E5CC8351C7B9}
		{7B20E970-6276-4DC3-8E92-D162FFA33D09} = {7E022BF0-A3A3-43B2-98B5-E5CC8351C7B9}
		{18C76A7A-6DE8-471B-B7E0-C05394D549C3} = {D3434EE2-2A91-40D5-BF45-B7A366A9F829}
		{25D1CE34-EDEA-41BA-8B69-EAF8557CFCEC} = {D3434EE2-2A91-40D5-BF45-B7A366A9F829}
		{96C876FF-B55C-4CC3-941C-D5F143EBCA91} = {D3434EE2-2A91-40D5-BF45-B7A366A9F829}
		{216A423F-6FD1-48F2-B013-0EBB2E186CB5} = {D3434EE2-2A91-40D5-BF45-B7A366A9F829}
		{3FB028F3-61E1-4B63-AFCB-A080F24EEA5D} = {D3434EE2-2A91-40D5-BF45-B7A366A9F829}
		{47EECBCF-78AC-475B-A85D-D0F04473166D} = {D3434EE2-2A91-40D5-BF45-B7A366A9F829}
	EndGlobalSection
	GlobalSection(ExtensibilityGlobals) = postSolution
		SolutionGuid = {470A6E1A-C5C3-42FC-8938-9A6B2EE68B59}
	EndGlobalSection
EndGlobal
